{
  "R": {
    "Version": "4.3.2",
    "Repositories": [
      {
        "Name": "RSPM",
        "URL": "https://packagemanager.posit.co/cran/latest"
      },
      {
        "Name": "CRAN",
        "URL": "https://cloud.r-project.org"
      }
    ]
  },
  "Packages": {
    "microbenchmark": {
      "Package": "microbenchmark",
      "Version": "1.4.10",
      "Source": "Repository",
      "Repository": "RSPM",
      "Requirements": [
        "graphics",
        "stats"
      ],
      "Hash": "db81b552e393ed092872cf7023469bc2"
    },
    "renv": {
      "Package": "renv",
      "Version": "1.0.3",
      "Source": "Repository",
      "Repository": "RSPM",
      "Requirements": [
        "utils"
      ],
      "Hash": "41b847654f567341725473431dd0d5ab"
    }
  }
}
